<?xml version="1.0" encoding="utf-8"?>
<Project ToolsVersion="4.0" xmlns="http://schemas.microsoft.com/developer/msbuild/2003">
  <ItemGroup>
    <Filter Include="Source Files">
      <UniqueIdentifier>{4FC737F1-C7A5-4376-A066-2A32D752A2FF}</UniqueIdentifier>
      <Extensions>cpp;c;cc;cxx;def;odl;idl;hpj;bat;asm;asmx</Extensions>
    </Filter>
    <Filter Include="Header Files">
      <UniqueIdentifier>{93995380-89BD-4b04-88EB-625FBE52EBFB}</UniqueIdentifier>
      <Extensions>h;hh;hpp;hxx;hm;inl;inc;xsd</Extensions>
    </Filter>
    <Filter Include="Resource Files">
      <UniqueIdentifier>{67DA6AB6-F800-4c08-8B7A-83BB121AAD01}</UniqueIdentifier>
      <Extensions>rc;ico;cur;bmp;dlg;rc2;rct;bin;rgs;gif;jpg;jpeg;jpe;resx;tiff;tif;png;wav;mfcribbon-ms</Extensions>
    </Filter>
  </ItemGroup>
  <ItemGroup>
    <ClCompile Include="AktivesVO.cpp">
      <Filter>Source Files</Filter>
    </ClCompile>
    <ClCompile Include="FahrAusnahme.cpp">
      <Filter>Source Files</Filter>
    </ClCompile>
    <ClCompile Include="Fahrrad.cpp">
      <Filter>Source Files</Filter>
    </ClCompile>
    <ClCompile Include="Fahrzeug.cpp">
      <Filter>Source Files</Filter>
    </ClCompile>
    <ClCompile Include="FzgFahren.cpp">
      <Filter>Source Files</Filter>
    </ClCompile>
    <ClCompile Include="FzgParken.cpp">
      <Filter>Source Files</Filter>
    </ClCompile>
    <ClCompile Include="FzgVerhalten.cpp">
      <Filter>Source Files</Filter>
    </ClCompile>
    <ClCompile Include="Losfahren.cpp">
      <Filter>Source Files</Filter>
    </ClCompile>
    <ClCompile Include="main.cpp">
      <Filter>Source Files</Filter>
    </ClCompile>
    <ClCompile Include="PKW.cpp">
      <Filter>Source Files</Filter>
    </ClCompile>
    <ClCompile Include="Streckenende.cpp">
      <Filter>Source Files</Filter>
    </ClCompile>
    <ClCompile Include="Weg.cpp">
      <Filter>Source Files</Filter>
    </ClCompile>
    <ClCompile Include="Kreuzung.cpp">
      <Filter>Source Files</Filter>
    </ClCompile>
    <ClCompile Include="Welt.cpp">
      <Filter>Source Files</Filter>
    </ClCompile>
  </ItemGroup>
  <ItemGroup>
    <ClInclude Include="AktivesVO.h">
      <Filter>Header Files</Filter>
    </ClInclude>
    <ClInclude Include="FahrAusnahme.h">
      <Filter>Header Files</Filter>
    </ClInclude>
    <ClInclude Include="Fahrrad.h">
      <Filter>Header Files</Filter>
    </ClInclude>
    <ClInclude Include="Fahrzeug.h">
      <Filter>Header Files</Filter>
    </ClInclude>
    <ClInclude Include="FzgFahren.h">
      <Filter>Header Files</Filter>
    </ClInclude>
    <ClInclude Include="FzgParken.h">
      <Filter>Header Files</Filter>
    </ClInclude>
    <ClInclude Include="FzgVerhalten.h">
      <Filter>Header Files</Filter>
    </ClInclude>
    <ClInclude Include="LazyAktion.h">
      <Filter>Header Files</Filter>
    </ClInclude>
    <ClInclude Include="LazyListe.h">
      <Filter>Header Files</Filter>
    </ClInclude>
    <ClInclude Include="Losfahren.h">
      <Filter>Header Files</Filter>
    </ClInclude>
    <ClInclude Include="PKW.h">
      <Filter>Header Files</Filter>
    </ClInclude>
    <ClInclude Include="resource.h">
      <Filter>Header Files</Filter>
    </ClInclude>
    <ClInclude Include="Streckenende.h">
      <Filter>Header Files</Filter>
    </ClInclude>
    <ClInclude Include="Weg.h">
      <Filter>Header Files</Filter>
    </ClInclude>
    <ClInclude Include="SimuClient.h">
      <Filter>Header Files</Filter>
    </ClInclude>
    <ClInclude Include="Kreuzung.h">
      <Filter>Header Files</Filter>
    </ClInclude>
    <ClInclude Include="Welt.h">
      <Filter>Header Files</Filter>
    </ClInclude>
  </ItemGroup>
  <ItemGroup>
    <None Include="SimuServer.jar" />
    <None Include="SimuClient.dll" />
    <None Include="ClassDiagram.cd" />
    <None Include="VO.dat" />
    <None Include="Simu.dat" />
    <None Include="SimuDisplay.dat" />
  </ItemGroup>
  <ItemGroup>
    <Library Include="SimuClient.lib" />
  </ItemGroup>
</Project>